
Microsoft Visual Studio Solution File, Format Version 12.00
# Visual Studio Version 16
VisualStudioVersion = 16.0.31321.278
MinimumVisualStudioVersion = 10.0.40219.1
Project("{FAE04EC0-301F-11D3-BF4B-00C04F79EFBC}") = "PanierAchat", "PanierAchat.csproj", "{CC671212-E62A-4C26-9D84-0361D15E9252}"
EndProject
Global
	GlobalSection(SolutionConfigurationPlatforms) = preSolution
		Debug|Any CPU = Debug|Any CPU
		Release|Any CPU = Release|Any CPU
	EndGlobalSection
	GlobalSection(ProjectConfigurationPlatforms) = postSolution
		{CC671212-E62A-4C26-9D84-0361D15E9252}.Debug|Any CPU.ActiveCfg = Debug|Any CPU
		{CC671212-E62A-4C26-9D84-0361D15E9252}.Debug|Any CPU.Build.0 = Debug|Any CPU
		{CC671212-E62A-4C26-9D84-0361D15E9252}.Release|Any CPU.ActiveCfg = Release|Any CPU
		{CC671212-E62A-4C26-9D84-0361D15E9252}.Release|Any CPU.Build.0 = Release|Any CPU
	EndGlobalSection
	GlobalSection(SolutionProperties) = preSolution
		HideSolutionNode = FALSE
	EndGlobalSection
	GlobalSection(ExtensibilityGlobals) = postSolution
		SolutionGuid = {985B89EA-53F1-431E-AF0E-E04BBB074CD2}
	EndGlobalSection
EndGlobal
